// !$*UTF8*$!
{
	archiveVersion = 1;
	classes = {
	};
	objectVersion = 46;
	objects = {

/* Begin PBXBuildFile section */
		D40960E41F6CC79100D5B481 /* fish0.png in Resources */ = {isa = PBXBuildFile; fileRef = D40960CF1F6CC79100D5B481 /* fish0.png */; };
		D40960E51F6CC79100D5B481 /* fish1.png in Resources */ = {isa = PBXBuildFile; fileRef = D40960D01F6CC79100D5B481 /* fish1.png */; };
		D40960E61F6CC79100D5B481 /* fish2.png in Resources */ = {isa = PBXBuildFile; fileRef = D40960D11F6CC79100D5B481 /* fish2.png */; };
		D40960E71F6CC79100D5B481 /* fish3.png in Resources */ = {isa = PBXBuildFile; fileRef = D40960D21F6CC79100D5B481 /* fish3.png */; };
		D40960E81F6CC79100D5B481 /* fish4.png in Resources */ = {isa = PBXBuildFile; fileRef = D40960D31F6CC79100D5B481 /* fish4.png */; };
		D40960E91F6CC79100D5B481 /* fish5.png in Resources */ = {isa = PBXBuildFile; fileRef = D40960D41F6CC79100D5B481 /* fish5.png */; };
		D40960EA1F6CC79100D5B481 /* fish6.png in Resources */ = {isa = PBXBuildFile; fileRef = D40960D51F6CC79100D5B481 /* fish6.png */; };
		D40960EB1F6CC79100D5B481 /* fish7.png in Resources */ = {isa = PBXBuildFile; fileRef = D40960D61F6CC79100D5B481 /* fish7.png */; };
		D40960EC1F6CC79100D5B481 /* fish8.png in Resources */ = {isa = PBXBuildFile; fileRef = D40960D71F6CC79100D5B481 /* fish8.png */; };
		D40960ED1F6CC79100D5B481 /* fish9.png in Resources */ = {isa = PBXBuildFile; fileRef = D40960D81F6CC79100D5B481 /* fish9.png */; };
		D40960EE1F6CC79100D5B481 /* fishl0.png in Resources */ = {isa = PBXBuildFile; fileRef = D40960DA1F6CC79100D5B481 /* fishl0.png */; };
		D40960EF1F6CC79100D5B481 /* fishl1.png in Resources */ = {isa = PBXBuildFile; fileRef = D40960DB1F6CC79100D5B481 /* fishl1.png */; };
		D40960F01F6CC79100D5B481 /* fishl2.png in Resources */ = {isa = PBXBuildFile; fileRef = D40960DC1F6CC79100D5B481 /* fishl2.png */; };
		D40960F11F6CC79100D5B481 /* fishl3.png in Resources */ = {isa = PBXBuildFile; fileRef = D40960DD1F6CC79100D5B481 /* fishl3.png */; };
		D40960F21F6CC79100D5B481 /* fishl4.png in Resources */ = {isa = PBXBuildFile; fileRef = D40960DE1F6CC79100D5B481 /* fishl4.png */; };
		D40960F31F6CC79100D5B481 /* fishl5.png in Resources */ = {isa = PBXBuildFile; fileRef = D40960DF1F6CC79100D5B481 /* fishl5.png */; };
		D40960F41F6CC79100D5B481 /* fishl6.png in Resources */ = {isa = PBXBuildFile; fileRef = D40960E01F6CC79100D5B481 /* fishl6.png */; };
		D40960F51F6CC79100D5B481 /* fishl7.png in Resources */ = {isa = PBXBuildFile; fileRef = D40960E11F6CC79100D5B481 /* fishl7.png */; };
		D40960F61F6CC79100D5B481 /* fishl8.png in Resources */ = {isa = PBXBuildFile; fileRef = D40960E21F6CC79100D5B481 /* fishl8.png */; };
		D40960F71F6CC79100D5B481 /* fishl9.png in Resources */ = {isa = PBXBuildFile; fileRef = D40960E31F6CC79100D5B481 /* fishl9.png */; };
		D40960F91F6CC7AC00D5B481 /* FishView.swift in Sources */ = {isa = PBXBuildFile; fileRef = D40960F81F6CC7AC00D5B481 /* FishView.swift */; };
		D40961801F6D033700D5B481 /* TBBubbleView.m in Sources */ = {isa = PBXBuildFile; fileRef = D409617F1F6D033700D5B481 /* TBBubbleView.m */; };
		D40961821F6D058200D5B481 /* 2.png in Resources */ = {isa = PBXBuildFile; fileRef = D40961811F6D058200D5B481 /* 2.png */; };
		D488ADF81F6D2AD200E49529 /* shanhu.png in Resources */ = {isa = PBXBuildFile; fileRef = D488ADF61F6D2AD200E49529 /* shanhu.png */; };
		D488ADF91F6D2AD200E49529 /* shuicao.png in Resources */ = {isa = PBXBuildFile; fileRef = D488ADF71F6D2AD200E49529 /* shuicao.png */; };
		D4AF268B1F6B5F320061D188 /* AppDelegate.swift in Sources */ = {isa = PBXBuildFile; fileRef = D4AF268A1F6B5F320061D188 /* AppDelegate.swift */; };
		D4AF268D1F6B5F320061D188 /* ViewController.swift in Sources */ = {isa = PBXBuildFile; fileRef = D4AF268C1F6B5F320061D188 /* ViewController.swift */; };
		D4AF26901F6B5F320061D188 /* Main.storyboard in Resources */ = {isa = PBXBuildFile; fileRef = D4AF268E1F6B5F320061D188 /* Main.storyboard */; };
		D4AF26921F6B5F320061D188 /* Assets.xcassets in Resources */ = {isa = PBXBuildFile; fileRef = D4AF26911F6B5F320061D188 /* Assets.xcassets */; };
		D4AF26951F6B5F320061D188 /* LaunchScreen.storyboard in Resources */ = {isa = PBXBuildFile; fileRef = D4AF26931F6B5F320061D188 /* LaunchScreen.storyboard */; };
		D4AF26A01F6B5F320061D188 /* _70915Tests.swift in Sources */ = {isa = PBXBuildFile; fileRef = D4AF269F1F6B5F320061D188 /* _70915Tests.swift */; };
		D4AF26AB1F6B5F320061D188 /* _70915UITests.swift in Sources */ = {isa = PBXBuildFile; fileRef = D4AF26AA1F6B5F320061D188 /* _70915UITests.swift */; };
		D4AF26B91F6B5F690061D188 /* TBMyInfoTopView.swift in Sources */ = {isa = PBXBuildFile; fileRef = D4AF26B81F6B5F690061D188 /* TBMyInfoTopView.swift */; };
		D4AF26BB1F6B76D60061D188 /* gx.png in Resources */ = {isa = PBXBuildFile; fileRef = D4AF26BA1F6B76D60061D188 /* gx.png */; };
/* End PBXBuildFile section */

/* Begin PBXContainerItemProxy section */
		D4AF269C1F6B5F320061D188 /* PBXContainerItemProxy */ = {
			isa = PBXContainerItemProxy;
			containerPortal = D4AF267F1F6B5F320061D188 /* Project object */;
			proxyType = 1;
			remoteGlobalIDString = D4AF26861F6B5F320061D188;
			remoteInfo = 170915;
		};
		D4AF26A71F6B5F320061D188 /* PBXContainerItemProxy */ = {
			isa = PBXContainerItemProxy;
			containerPortal = D4AF267F1F6B5F320061D188 /* Project object */;
			proxyType = 1;
			remoteGlobalIDString = D4AF26861F6B5F320061D188;
			remoteInfo = 170915;
		};
/* End PBXContainerItemProxy section */

/* Begin PBXFileReference section */
		D40960CF1F6CC79100D5B481 /* fish0.png */ = {isa = PBXFileReference; lastKnownFileType = image.png; path = fish0.png; sourceTree = "<group>"; };
		D40960D01F6CC79100D5B481 /* fish1.png */ = {isa = PBXFileReference; lastKnownFileType = image.png; path = fish1.png; sourceTree = "<group>"; };
		D40960D11F6CC79100D5B481 /* fish2.png */ = {isa = PBXFileReference; lastKnownFileType = image.png; path = fish2.png; sourceTree = "<group>"; };
		D40960D21F6CC79100D5B481 /* fish3.png */ = {isa = PBXFileReference; lastKnownFileType = image.png; path = fish3.png; sourceTree = "<group>"; };
		D40960D31F6CC79100D5B481 /* fish4.png */ = {isa = PBXFileReference; lastKnownFileType = image.png; path = fish4.png; sourceTree = "<group>"; };
		D40960D41F6CC79100D5B481 /* fish5.png */ = {isa = PBXFileReference; lastKnownFileType = image.png; path = fish5.png; sourceTree = "<group>"; };
		D40960D51F6CC79100D5B481 /* fish6.png */ = {isa = PBXFileReference; lastKnownFileType = image.png; path = fish6.png; sourceTree = "<group>"; };
		D40960D61F6CC79100D5B481 /* fish7.png */ = {isa = PBXFileReference; lastKnownFileType = image.png; path = fish7.png; sourceTree = "<group>"; };
		D40960D71F6CC79100D5B481 /* fish8.png */ = {isa = PBXFileReference; lastKnownFileType = image.png; path = fish8.png; sourceTree = "<group>"; };
		D40960D81F6CC79100D5B481 /* fish9.png */ = {isa = PBXFileReference; lastKnownFileType = image.png; path = fish9.png; sourceTree = "<group>"; };
		D40960DA1F6CC79100D5B481 /* fishl0.png */ = {isa = PBXFileReference; lastKnownFileType = image.png; path = fishl0.png; sourceTree = "<group>"; };
		D40960DB1F6CC79100D5B481 /* fishl1.png */ = {isa = PBXFileReference; lastKnownFileType = image.png; path = fishl1.png; sourceTree = "<group>"; };
		D40960DC1F6CC79100D5B481 /* fishl2.png */ = {isa = PBXFileReference; lastKnownFileType = image.png; path = fishl2.png; sourceTree = "<group>"; };
		D40960DD1F6CC79100D5B481 /* fishl3.png */ = {isa = PBXFileReference; lastKnownFileType = image.png; path = fishl3.png; sourceTree = "<group>"; };
		D40960DE1F6CC79100D5B481 /* fishl4.png */ = {isa = PBXFileReference; lastKnownFileType = image.png; path = fishl4.png; sourceTree = "<group>"; };
		D40960DF1F6CC79100D5B481 /* fishl5.png */ = {isa = PBXFileReference; lastKnownFileType = image.png; path = fishl5.png; sourceTree = "<group>"; };
		D40960E01F6CC79100D5B481 /* fishl6.png */ = {isa = PBXFileReference; lastKnownFileType = image.png; path = fishl6.png; sourceTree = "<group>"; };
		D40960E11F6CC79100D5B481 /* fishl7.png */ = {isa = PBXFileReference; lastKnownFileType = image.png; path = fishl7.png; sourceTree = "<group>"; };
		D40960E21F6CC79100D5B481 /* fishl8.png */ = {isa = PBXFileReference; lastKnownFileType = image.png; path = fishl8.png; sourceTree = "<group>"; };
		D40960E31F6CC79100D5B481 /* fishl9.png */ = {isa = PBXFileReference; lastKnownFileType = image.png; path = fishl9.png; sourceTree = "<group>"; };
		D40960F81F6CC7AC00D5B481 /* FishView.swift */ = {isa = PBXFileReference; fileEncoding = 4; lastKnownFileType = sourcecode.swift; path = FishView.swift; sourceTree = "<group>"; };
		D409617D1F6D033600D5B481 /* 170915-Bridging-Header.h */ = {isa = PBXFileReference; lastKnownFileType = sourcecode.c.h; path = "170915-Bridging-Header.h"; sourceTree = "<group>"; };
		D409617E1F6D033700D5B481 /* TBBubbleView.h */ = {isa = PBXFileReference; fileEncoding = 4; lastKnownFileType = sourcecode.c.h; path = TBBubbleView.h; sourceTree = "<group>"; };
		D409617F1F6D033700D5B481 /* TBBubbleView.m */ = {isa = PBXFileReference; fileEncoding = 4; lastKnownFileType = sourcecode.c.objc; path = TBBubbleView.m; sourceTree = "<group>"; };
		D40961811F6D058200D5B481 /* 2.png */ = {isa = PBXFileReference; lastKnownFileType = image.png; path = 2.png; sourceTree = "<group>"; };
		D488ADF61F6D2AD200E49529 /* shanhu.png */ = {isa = PBXFileReference; lastKnownFileType = image.png; path = shanhu.png; sourceTree = "<group>"; };
		D488ADF71F6D2AD200E49529 /* shuicao.png */ = {isa = PBXFileReference; lastKnownFileType = image.png; path = shuicao.png; sourceTree = "<group>"; };
		D4AF26871F6B5F320061D188 /* 170915.app */ = {isa = PBXFileReference; explicitFileType = wrapper.application; includeInIndex = 0; path = 170915.app; sourceTree = BUILT_PRODUCTS_DIR; };
		D4AF268A1F6B5F320061D188 /* AppDelegate.swift */ = {isa = PBXFileReference; lastKnownFileType = sourcecode.swift; path = AppDelegate.swift; sourceTree = "<group>"; };
		D4AF268C1F6B5F320061D188 /* ViewController.swift */ = {isa = PBXFileReference; lastKnownFileType = sourcecode.swift; path = ViewController.swift; sourceTree = "<group>"; };
		D4AF268F1F6B5F320061D188 /* Base */ = {isa = PBXFileReference; lastKnownFileType = file.storyboard; name = Base; path = Base.lproj/Main.storyboard; sourceTree = "<group>"; };
		D4AF26911F6B5F320061D188 /* Assets.xcassets */ = {isa = PBXFileReference; lastKnownFileType = folder.assetcatalog; path = Assets.xcassets; sourceTree = "<group>"; };
		D4AF26941F6B5F320061D188 /* Base */ = {isa = PBXFileReference; lastKnownFileType = file.storyboard; name = Base; path = Base.lproj/LaunchScreen.storyboard; sourceTree = "<group>"; };
		D4AF26961F6B5F320061D188 /* Info.plist */ = {isa = PBXFileReference; lastKnownFileType = text.plist.xml; path = Info.plist; sourceTree = "<group>"; };
		D4AF269B1F6B5F320061D188 /* 170915Tests.xctest */ = {isa = PBXFileReference; explicitFileType = wrapper.cfbundle; includeInIndex = 0; path = 170915Tests.xctest; sourceTree = BUILT_PRODUCTS_DIR; };
		D4AF269F1F6B5F320061D188 /* _70915Tests.swift */ = {isa = PBXFileReference; lastKnownFileType = sourcecode.swift; path = _70915Tests.swift; sourceTree = "<group>"; };
		D4AF26A11F6B5F320061D188 /* Info.plist */ = {isa = PBXFileReference; lastKnownFileType = text.plist.xml; path = Info.plist; sourceTree = "<group>"; };
		D4AF26A61F6B5F320061D188 /* 170915UITests.xctest */ = {isa = PBXFileReference; explicitFileType = wrapper.cfbundle; includeInIndex = 0; path = 170915UITests.xctest; sourceTree = BUILT_PRODUCTS_DIR; };
		D4AF26AA1F6B5F320061D188 /* _70915UITests.swift */ = {isa = PBXFileReference; lastKnownFileType = sourcecode.swift; path = _70915UITests.swift; sourceTree = "<group>"; };
		D4AF26AC1F6B5F320061D188 /* Info.plist */ = {isa = PBXFileReference; lastKnownFileType = text.plist.xml; path = Info.plist; sourceTree = "<group>"; };
		D4AF26B81F6B5F690061D188 /* TBMyInfoTopView.swift */ = {isa = PBXFileReference; fileEncoding = 4; lastKnownFileType = sourcecode.swift; path = TBMyInfoTopView.swift; sourceTree = "<group>"; };
		D4AF26BA1F6B76D60061D188 /* gx.png */ = {isa = PBXFileReference; lastKnownFileType = image.png; path = gx.png; sourceTree = "<group>"; };
/* End PBXFileReference section */

/* Begin PBXFrameworksBuildPhase section */
		D4AF26841F6B5F320061D188 /* Frameworks */ = {
			isa = PBXFrameworksBuildPhase;
			buildActionMask = 2147483647;
			files = (
			);
			runOnlyForDeploymentPostprocessing = 0;
		};
		D4AF26981F6B5F320061D188 /* Frameworks */ = {
			isa = PBXFrameworksBuildPhase;
			buildActionMask = 2147483647;
			files = (
			);
			runOnlyForDeploymentPostprocessing = 0;
		};
		D4AF26A31F6B5F320061D188 /* Frameworks */ = {
			isa = PBXFrameworksBuildPhase;
			buildActionMask = 2147483647;
			files = (
			);
			runOnlyForDeploymentPostprocessing = 0;
		};
/* End PBXFrameworksBuildPhase section */

/* Begin PBXGroup section */
		D40960CD1F6CC77700D5B481 /* Source */ = {
			isa = PBXGroup;
			children = (
				D40960CE1F6CC79100D5B481 /* fishImage */,
				D40960D91F6CC79100D5B481 /* fishImage 2 */,
				D4AF26BA1F6B76D60061D188 /* gx.png */,
				D40961811F6D058200D5B481 /* 2.png */,
				D488ADF61F6D2AD200E49529 /* shanhu.png */,
				D488ADF71F6D2AD200E49529 /* shuicao.png */,
			);
			name = Source;
			sourceTree = "<group>";
		};
		D40960CE1F6CC79100D5B481 /* fishImage */ = {
			isa = PBXGroup;
			children = (
				D40960CF1F6CC79100D5B481 /* fish0.png */,
				D40960D01F6CC79100D5B481 /* fish1.png */,
				D40960D11F6CC79100D5B481 /* fish2.png */,
				D40960D21F6CC79100D5B481 /* fish3.png */,
				D40960D31F6CC79100D5B481 /* fish4.png */,
				D40960D41F6CC79100D5B481 /* fish5.png */,
				D40960D51F6CC79100D5B481 /* fish6.png */,
				D40960D61F6CC79100D5B481 /* fish7.png */,
				D40960D71F6CC79100D5B481 /* fish8.png */,
				D40960D81F6CC79100D5B481 /* fish9.png */,
			);
			path = fishImage;
			sourceTree = "<group>";
		};
		D40960D91F6CC79100D5B481 /* fishImage 2 */ = {
			isa = PBXGroup;
			children = (
				D40960DA1F6CC79100D5B481 /* fishl0.png */,
				D40960DB1F6CC79100D5B481 /* fishl1.png */,
				D40960DC1F6CC79100D5B481 /* fishl2.png */,
				D40960DD1F6CC79100D5B481 /* fishl3.png */,
				D40960DE1F6CC79100D5B481 /* fishl4.png */,
				D40960DF1F6CC79100D5B481 /* fishl5.png */,
				D40960E01F6CC79100D5B481 /* fishl6.png */,
				D40960E11F6CC79100D5B481 /* fishl7.png */,
				D40960E21F6CC79100D5B481 /* fishl8.png */,
				D40960E31F6CC79100D5B481 /* fishl9.png */,
			);
			path = "fishImage 2";
			sourceTree = "<group>";
		};
		D4AF267E1F6B5F320061D188 = {
			isa = PBXGroup;
			children = (
				D4AF26891F6B5F320061D188 /* 170915 */,
				D4AF269E1F6B5F320061D188 /* 170915Tests */,
				D4AF26A91F6B5F320061D188 /* 170915UITests */,
				D4AF26881F6B5F320061D188 /* Products */,
			);
			sourceTree = "<group>";
		};
		D4AF26881F6B5F320061D188 /* Products */ = {
			isa = PBXGroup;
			children = (
				D4AF26871F6B5F320061D188 /* 170915.app */,
				D4AF269B1F6B5F320061D188 /* 170915Tests.xctest */,
				D4AF26A61F6B5F320061D188 /* 170915UITests.xctest */,
			);
			name = Products;
			sourceTree = "<group>";
		};
		D4AF26891F6B5F320061D188 /* 170915 */ = {
			isa = PBXGroup;
			children = (
				D40960CD1F6CC77700D5B481 /* Source */,
				D4AF268A1F6B5F320061D188 /* AppDelegate.swift */,
				D4AF268C1F6B5F320061D188 /* ViewController.swift */,
				D40960F81F6CC7AC00D5B481 /* FishView.swift */,
				D4AF26B81F6B5F690061D188 /* TBMyInfoTopView.swift */,
				D409617E1F6D033700D5B481 /* TBBubbleView.h */,
				D409617F1F6D033700D5B481 /* TBBubbleView.m */,
				D4AF268E1F6B5F320061D188 /* Main.storyboard */,
				D4AF26911F6B5F320061D188 /* Assets.xcassets */,
				D4AF26931F6B5F320061D188 /* LaunchScreen.storyboard */,
				D4AF26961F6B5F320061D188 /* Info.plist */,
				D409617D1F6D033600D5B481 /* 170915-Bridging-Header.h */,
			);
			path = 170915;
			sourceTree = "<group>";
		};
		D4AF269E1F6B5F320061D188 /* 170915Tests */ = {
			isa = PBXGroup;
			children = (
				D4AF269F1F6B5F320061D188 /* _70915Tests.swift */,
				D4AF26A11F6B5F320061D188 /* Info.plist */,
			);
			path = 170915Tests;
			sourceTree = "<group>";
		};
		D4AF26A91F6B5F320061D188 /* 170915UITests */ = {
			isa = PBXGroup;
			children = (
				D4AF26AA1F6B5F320061D188 /* _70915UITests.swift */,
				D4AF26AC1F6B5F320061D188 /* Info.plist */,
			);
			path = 170915UITests;
			sourceTree = "<group>";
		};
/* End PBXGroup section */

/* Begin PBXNativeTarget section */
		D4AF26861F6B5F320061D188 /* 170915 */ = {
			isa = PBXNativeTarget;
			buildConfigurationList = D4AF26AF1F6B5F320061D188 /* Build configuration list for PBXNativeTarget "170915" */;
			buildPhases = (
				D4AF26831F6B5F320061D188 /* Sources */,
				D4AF26841F6B5F320061D188 /* Frameworks */,
				D4AF26851F6B5F320061D188 /* Resources */,
			);
			buildRules = (
			);
			dependencies = (
			);
			name = 170915;
			productName = 170915;
			productReference = D4AF26871F6B5F320061D188 /* 170915.app */;
			productType = "com.apple.product-type.application";
		};
		D4AF269A1F6B5F320061D188 /* 170915Tests */ = {
			isa = PBXNativeTarget;
			buildConfigurationList = D4AF26B21F6B5F320061D188 /* Build configuration list for PBXNativeTarget "170915Tests" */;
			buildPhases = (
				D4AF26971F6B5F320061D188 /* Sources */,
				D4AF26981F6B5F320061D188 /* Frameworks */,
				D4AF26991F6B5F320061D188 /* Resources */,
			);
			buildRules = (
			);
			dependencies = (
				D4AF269D1F6B5F320061D188 /* PBXTargetDependency */,
			);
			name = 170915Tests;
			productName = 170915Tests;
			productReference = D4AF269B1F6B5F320061D188 /* 170915Tests.xctest */;
			productType = "com.apple.product-type.bundle.unit-test";
		};
		D4AF26A51F6B5F320061D188 /* 170915UITests */ = {
			isa = PBXNativeTarget;
			buildConfigurationList = D4AF26B51F6B5F320061D188 /* Build configuration list for PBXNativeTarget "170915UITests" */;
			buildPhases = (
				D4AF26A21F6B5F320061D188 /* Sources */,
				D4AF26A31F6B5F320061D188 /* Frameworks */,
				D4AF26A41F6B5F320061D188 /* Resources */,
			);
			buildRules = (
			);
			dependencies = (
				D4AF26A81F6B5F320061D188 /* PBXTargetDependency */,
			);
			name = 170915UITests;
			productName = 170915UITests;
			productReference = D4AF26A61F6B5F320061D188 /* 170915UITests.xctest */;
			productType = "com.apple.product-type.bundle.ui-testing";
		};
/* End PBXNativeTarget section */

/* Begin PBXProject section */
		D4AF267F1F6B5F320061D188 /* Project object */ = {
			isa = PBXProject;
			attributes = {
				LastSwiftUpdateCheck = 0830;
				LastUpgradeCheck = 0830;
				ORGANIZATIONNAME = "上海途宝网络科技";
				TargetAttributes = {
					D4AF26861F6B5F320061D188 = {
						CreatedOnToolsVersion = 8.3.3;
						DevelopmentTeam = G5VEQ9CRRP;
						LastSwiftMigration = 0830;
						ProvisioningStyle = Automatic;
					};
					D4AF269A1F6B5F320061D188 = {
						CreatedOnToolsVersion = 8.3.3;
						ProvisioningStyle = Automatic;
						TestTargetID = D4AF26861F6B5F320061D188;
					};
					D4AF26A51F6B5F320061D188 = {
						CreatedOnToolsVersion = 8.3.3;
						ProvisioningStyle = Automatic;
						TestTargetID = D4AF26861F6B5F320061D188;
					};
				};
			};
			buildConfigurationList = D4AF26821F6B5F320061D188 /* Build configuration list for PBXProject "170915" */;
			compatibilityVersion = "Xcode 3.2";
			developmentRegion = English;
			hasScannedForEncodings = 0;
			knownRegions = (
				en,
				Base,
			);
			mainGroup = D4AF267E1F6B5F320061D188;
			productRefGroup = D4AF26881F6B5F320061D188 /* Products */;
			projectDirPath = "";
			projectRoot = "";
			targets = (
				D4AF26861F6B5F320061D188 /* 170915 */,
				D4AF269A1F6B5F320061D188 /* 170915Tests */,
				D4AF26A51F6B5F320061D188 /* 170915UITests */,
			);
		};
/* End PBXProject section */

/* Begin PBXResourcesBuildPhase section */
		D4AF26851F6B5F320061D188 /* Resources */ = {
			isa = PBXResourcesBuildPhase;
			buildActionMask = 2147483647;
			files = (
				D40960F51F6CC79100D5B481 /* fishl7.png in Resources */,
				D40960E41F6CC79100D5B481 /* fish0.png in Resources */,
				D40960EE1F6CC79100D5B481 /* fishl0.png in Resources */,
				D40960E71F6CC79100D5B481 /* fish3.png in Resources */,
				D40960F71F6CC79100D5B481 /* fishl9.png in Resources */,
				D4AF26BB1F6B76D60061D188 /* gx.png in Resources */,
				D40960EF1F6CC79100D5B481 /* fishl1.png in Resources */,
				D40960E81F6CC79100D5B481 /* fish4.png in Resources */,
				D4AF26951F6B5F320061D188 /* LaunchScreen.storyboard in Resources */,
				D40960ED1F6CC79100D5B481 /* fish9.png in Resources */,
				D40960F01F6CC79100D5B481 /* fishl2.png in Resources */,
				D40960EC1F6CC79100D5B481 /* fish8.png in Resources */,
				D40961821F6D058200D5B481 /* 2.png in Resources */,
				D40960F11F6CC79100D5B481 /* fishl3.png in Resources */,
				D488ADF81F6D2AD200E49529 /* shanhu.png in Resources */,
				D40960E91F6CC79100D5B481 /* fish5.png in Resources */,
				D40960EA1F6CC79100D5B481 /* fish6.png in Resources */,
				D40960F61F6CC79100D5B481 /* fishl8.png in Resources */,
				D40960E51F6CC79100D5B481 /* fish1.png in Resources */,
				D4AF26921F6B5F320061D188 /* Assets.xcassets in Resources */,
				D40960EB1F6CC79100D5B481 /* fish7.png in Resources */,
				D40960F31F6CC79100D5B481 /* fishl5.png in Resources */,
				D40960E61F6CC79100D5B481 /* fish2.png in Resources */,
				D40960F21F6CC79100D5B481 /* fishl4.png in Resources */,
				D40960F41F6CC79100D5B481 /* fishl6.png in Resources */,
				D4AF26901F6B5F320061D188 /* Main.storyboard in Resources */,
				D488ADF91F6D2AD200E49529 /* shuicao.png in Resources */,
			);
			runOnlyForDeploymentPostprocessing = 0;
		};
		D4AF26991F6B5F320061D188 /* Resources */ = {
			isa = PBXResourcesBuildPhase;
			buildActionMask = 2147483647;
			files = (
			);
			runOnlyForDeploymentPostprocessing = 0;
		};
		D4AF26A41F6B5F320061D188 /* Resources */ = {
			isa = PBXResourcesBuildPhase;
			buildActionMask = 2147483647;
			files = (
			);
			runOnlyForDeploymentPostprocessing = 0;
		};
/* End PBXResourcesBuildPhase section */

/* Begin PBXSourcesBuildPhase section */
		D4AF26831F6B5F320061D188 /* Sources */ = {
			isa = PBXSourcesBuildPhase;
			buildActionMask = 2147483647;
			files = (
				D4AF268D1F6B5F320061D188 /* ViewController.swift in Sources */,
				D4AF268B1F6B5F320061D188 /* AppDelegate.swift in Sources */,
				D40960F91F6CC7AC00D5B481 /* FishView.swift in Sources */,
				D40961801F6D033700D5B481 /* TBBubbleView.m in Sources */,
				D4AF26B91F6B5F690061D188 /* TBMyInfoTopView.swift in Sources */,
			);
			runOnlyForDeploymentPostprocessing = 0;
		};
		D4AF26971F6B5F320061D188 /* Sources */ = {
			isa = PBXSourcesBuildPhase;
			buildActionMask = 2147483647;
			files = (
				D4AF26A01F6B5F320061D188 /* _70915Tests.swift in Sources */,
			);
			runOnlyForDeploymentPostprocessing = 0;
		};
		D4AF26A21F6B5F320061D188 /* Sources */ = {
			isa = PBXSourcesBuildPhase;
			buildActionMask = 2147483647;
			files = (
				D4AF26AB1F6B5F320061D188 /* _70915UITests.swift in Sources */,
			);
			runOnlyForDeploymentPostprocessing = 0;
		};
/* End PBXSourcesBuildPhase section */

/* Begin PBXTargetDependency section */
		D4AF269D1F6B5F320061D188 /* PBXTargetDependency */ = {
			isa = PBXTargetDependency;
			target = D4AF26861F6B5F320061D188 /* 170915 */;
			targetProxy = D4AF269C1F6B5F320061D188 /* PBXContainerItemProxy */;
		};
		D4AF26A81F6B5F320061D188 /* PBXTargetDependency */ = {
			isa = PBXTargetDependency;
			target = D4AF26861F6B5F320061D188 /* 170915 */;
			targetProxy = D4AF26A71F6B5F320061D188 /* PBXContainerItemProxy */;
		};
/* End PBXTargetDependency section */

/* Begin PBXVariantGroup section */
		D4AF268E1F6B5F320061D188 /* Main.storyboard */ = {
			isa = PBXVariantGroup;
			children = (
				D4AF268F1F6B5F320061D188 /* Base */,
			);
			name = Main.storyboard;
			sourceTree = "<group>";
		};
		D4AF26931F6B5F320061D188 /* LaunchScreen.storyboard */ = {
			isa = PBXVariantGroup;
			children = (
				D4AF26941F6B5F320061D188 /* Base */,
			);
			name = LaunchScreen.storyboard;
			sourceTree = "<group>";
		};
/* End PBXVariantGroup section */

/* Begin XCBuildConfiguration section */
		D4AF26AD1F6B5F320061D188 /* Debug */ = {
			isa = XCBuildConfiguration;
			buildSettings = {
				ALWAYS_SEARCH_USER_PATHS = NO;
				CLANG_ANALYZER_NONNULL = YES;
				CLANG_ANALYZER_NUMBER_OBJECT_CONVERSION = YES_AGGRESSIVE;
				CLANG_CXX_LANGUAGE_STANDARD = "gnu++0x";
				CLANG_CXX_LIBRARY = "libc++";
				CLANG_ENABLE_MODULES = YES;
				CLANG_ENABLE_OBJC_ARC = YES;
				CLANG_WARN_BOOL_CONVERSION = YES;
				CLANG_WARN_CONSTANT_CONVERSION = YES;
				CLANG_WARN_DIRECT_OBJC_ISA_USAGE = YES_ERROR;
				CLANG_WARN_DOCUMENTATION_COMMENTS = YES;
				CLANG_WARN_EMPTY_BODY = YES;
				CLANG_WARN_ENUM_CONVERSION = YES;
				CLANG_WARN_INFINITE_RECURSION = YES;
				CLANG_WARN_INT_CONVERSION = YES;
				CLANG_WARN_OBJC_ROOT_CLASS = YES_ERROR;
				CLANG_WARN_SUSPICIOUS_MOVE = YES;
				CLANG_WARN_UNREACHABLE_CODE = YES;
				CLANG_WARN__DUPLICATE_METHOD_MATCH = YES;
				"CODE_SIGN_IDENTITY[sdk=iphoneos*]" = "iPhone Developer";
				COPY_PHASE_STRIP = NO;
				DEBUG_INFORMATION_FORMAT = dwarf;
				ENABLE_STRICT_OBJC_MSGSEND = YES;
				ENABLE_TESTABILITY = YES;
				GCC_C_LANGUAGE_STANDARD = gnu99;
				GCC_DYNAMIC_NO_PIC = NO;
				GCC_NO_COMMON_BLOCKS = YES;
				GCC_OPTIMIZATION_LEVEL = 0;
				GCC_PREPROCESSOR_DEFINITIONS = (
					"DEBUG=1",
					"$(inherited)",
				);
				GCC_WARN_64_TO_32_BIT_CONVERSION = YES;
				GCC_WARN_ABOUT_RETURN_TYPE = YES_ERROR;
				GCC_WARN_UNDECLARED_SELECTOR = YES;
				GCC_WARN_UNINITIALIZED_AUTOS = YES_AGGRESSIVE;
				GCC_WARN_UNUSED_FUNCTION = YES;
				GCC_WARN_UNUSED_VARIABLE = YES;
				IPHONEOS_DEPLOYMENT_TARGET = 10.3;
				MTL_ENABLE_DEBUG_INFO = YES;
				ONLY_ACTIVE_ARCH = YES;
				SDKROOT = iphoneos;
				SWIFT_ACTIVE_COMPILATION_CONDITIONS = DEBUG;
				SWIFT_OPTIMIZATION_LEVEL = "-Onone";
				TARGETED_DEVICE_FAMILY = "1,2";
			};
			name = Debug;
		};
		D4AF26AE1F6B5F320061D188 /* Release */ = {
			isa = XCBuildConfiguration;
			buildSettings = {
				ALWAYS_SEARCH_USER_PATHS = NO;
				CLANG_ANALYZER_NONNULL = YES;
				CLANG_ANALYZER_NUMBER_OBJECT_CONVERSION = YES_AGGRESSIVE;
				CLANG_CXX_LANGUAGE_STANDARD = "gnu++0x";
				CLANG_CXX_LIBRARY = "libc++";
				CLANG_ENABLE_MODULES = YES;
				CLANG_ENABLE_OBJC_ARC = YES;
				CLANG_WARN_BOOL_CONVERSION = YES;
				CLANG_WARN_CONSTANT_CONVERSION = YES;
				CLANG_WARN_DIRECT_OBJC_ISA_USAGE = YES_ERROR;
				CLANG_WARN_DOCUMENTATION_COMMENTS = YES;
				CLANG_WARN_EMPTY_BODY = YES;
				CLANG_WARN_ENUM_CONVERSION = YES;
				CLANG_WARN_INFINITE_RECURSION = YES;
				CLANG_WARN_INT_CONVERSION = YES;
				CLANG_WARN_OBJC_ROOT_CLASS = YES_ERROR;
				CLANG_WARN_SUSPICIOUS_MOVE = YES;
				CLANG_WARN_UNREACHABLE_CODE = YES;
				CLANG_WARN__DUPLICATE_METHOD_MATCH = YES;
				"CODE_SIGN_IDENTITY[sdk=iphoneos*]" = "iPhone Developer";
				COPY_PHASE_STRIP = NO;
				DEBUG_INFORMATION_FORMAT = "dwarf-with-dsym";
				ENABLE_NS_ASSERTIONS = NO;
				ENABLE_STRICT_OBJC_MSGSEND = YES;
				GCC_C_LANGUAGE_STANDARD = gnu99;
				GCC_NO_COMMON_BLOCKS = YES;
				GCC_WARN_64_TO_32_BIT_CONVERSION = YES;
				GCC_WARN_ABOUT_RETURN_TYPE = YES_ERROR;
				GCC_WARN_UNDECLARED_SELECTOR = YES;
				GCC_WARN_UNINITIALIZED_AUTOS = YES_AGGRESSIVE;
				GCC_WARN_UNUSED_FUNCTION = YES;
				GCC_WARN_UNUSED_VARIABLE = YES;
				IPHONEOS_DEPLOYMENT_TARGET = 10.3;
				MTL_ENABLE_DEBUG_INFO = NO;
				SDKROOT = iphoneos;
				SWIFT_OPTIMIZATION_LEVEL = "-Owholemodule";
				TARGETED_DEVICE_FAMILY = "1,2";
				VALIDATE_PRODUCT = YES;
			};
			name = Release;
		};
		D4AF26B01F6B5F320061D188 /* Debug */ = {
			isa = XCBuildConfiguration;
			buildSettings = {
				ASSETCATALOG_COMPILER_APPICON_NAME = AppIcon;
				CLANG_ENABLE_MODULES = YES;
				DEVELOPMENT_TEAM = G5VEQ9CRRP;
				INFOPLIST_FILE = 170915/Info.plist;
				LD_RUNPATH_SEARCH_PATHS = "$(inherited) @executable_path/Frameworks";
				PRODUCT_BUNDLE_IDENTIFIER = "Shanghai-TuorbagNetwork-Technology-Co.-Ltd.-70915";
				PRODUCT_NAME = "$(TARGET_NAME)";
				SWIFT_OBJC_BRIDGING_HEADER = "170915/170915-Bridging-Header.h";
				SWIFT_OPTIMIZATION_LEVEL = "-Onone";
				SWIFT_VERSION = 3.0;
			};
			name = Debug;
		};
		D4AF26B11F6B5F320061D188 /* Release */ = {
			isa = XCBuildConfiguration;
			buildSettings = {
				ASSETCATALOG_COMPILER_APPICON_NAME = AppIcon;
				CLANG_ENABLE_MODULES = YES;
				DEVELOPMENT_TEAM = G5VEQ9CRRP;
				INFOPLIST_FILE = 170915/Info.plist;
				LD_RUNPATH_SEARCH_PATHS = "$(inherited) @executable_path/Frameworks";
				PRODUCT_BUNDLE_IDENTIFIER = "Shanghai-TuorbagNetwork-Technology-Co.-Ltd.-70915";
				PRODUCT_NAME = "$(TARGET_NAME)";
				SWIFT_OBJC_BRIDGING_HEADER = "170915/170915-Bridging-Header.h";
				SWIFT_VERSION = 3.0;
			};
			name = Release;
		};
		D4AF26B31F6B5F320061D188 /* Debug */ = {
			isa = XCBuildConfiguration;
			buildSettings = {
				ALWAYS_EMBED_SWIFT_STANDARD_LIBRARIES = YES;
				BUNDLE_LOADER = "$(TEST_HOST)";
				INFOPLIST_FILE = 170915Tests/Info.plist;
				LD_RUNPATH_SEARCH_PATHS = "$(inherited) @executable_path/Frameworks @loader_path/Frameworks";
				PRODUCT_BUNDLE_IDENTIFIER = "Shanghai-TuorbagNetwork-Technology-Co.-Ltd.-70915Tests";
				PRODUCT_NAME = "$(TARGET_NAME)";
				SWIFT_VERSION = 3.0;
				TEST_HOST = "$(BUILT_PRODUCTS_DIR)/170915.app/170915";
			};
			name = Debug;
		};
		D4AF26B41F6B5F320061D188 /* Release */ = {
			isa = XCBuildConfiguration;
			buildSettings = {
				ALWAYS_EMBED_SWIFT_STANDARD_LIBRARIES = YES;
				BUNDLE_LOADER = "$(TEST_HOST)";
				INFOPLIST_FILE = 170915Tests/Info.plist;
				LD_RUNPATH_SEARCH_PATHS = "$(inherited) @executable_path/Frameworks @loader_path/Frameworks";
				PRODUCT_BUNDLE_IDENTIFIER = "Shanghai-TuorbagNetwork-Technology-Co.-Ltd.-70915Tests";
				PRODUCT_NAME = "$(TARGET_NAME)";
				SWIFT_VERSION = 3.0;
				TEST_HOST = "$(BUILT_PRODUCTS_DIR)/170915.app/170915";
			};
			name = Release;
		};
		D4AF26B61F6B5F320061D188 /* Debug */ = {
			isa = XCBuildConfiguration;
			buildSettings = {
				ALWAYS_EMBED_SWIFT_STANDARD_LIBRARIES = YES;
				INFOPLIST_FILE = 170915UITests/Info.plist;
				LD_RUNPATH_SEARCH_PATHS = "$(inherited) @executable_path/Frameworks @loader_path/Frameworks";
				PRODUCT_BUNDLE_IDENTIFIER = "Shanghai-TuorbagNetwork-Technology-Co.-Ltd.-70915UITests";
				PRODUCT_NAME = "$(TARGET_NAME)";
				SWIFT_VERSION = 3.0;
				TEST_TARGET_NAME = 170915;
			};
			name = Debug;
		};
		D4AF26B71F6B5F320061D188 /* Release */ = {
			isa = XCBuildConfiguration;
			buildSettings = {
				ALWAYS_EMBED_SWIFT_STANDARD_LIBRARIES = YES;
				INFOPLIST_FILE = 170915UITests/Info.plist;
				LD_RUNPATH_SEARCH_PATHS = "$(inherited) @executable_path/Frameworks @loader_path/Frameworks";
				PRODUCT_BUNDLE_IDENTIFIER = "Shanghai-TuorbagNetwork-Technology-Co.-Ltd.-70915UITests";
				PRODUCT_NAME = "$(TARGET_NAME)";
				SWIFT_VERSION = 3.0;
				TEST_TARGET_NAME = 170915;
			};
			name = Release;
		};
/* End XCBuildConfiguration section */

/* Begin XCConfigurationList section */
		D4AF26821F6B5F320061D188 /* Build configuration list for PBXProject "170915" */ = {
			isa = XCConfigurationList;
			buildConfigurations = (
				D4AF26AD1F6B5F320061D188 /* Debug */,
				D4AF26AE1F6B5F320061D188 /* Release */,
			);
			defaultConfigurationIsVisible = 0;
			defaultConfigurationName = Release;
		};
		D4AF26AF1F6B5F320061D188 /* Build configuration list for PBXNativeTarget "170915" */ = {
			isa = XCConfigurationList;
			buildConfigurations = (
				D4AF26B01F6B5F320061D188 /* Debug */,
				D4AF26B11F6B5F320061D188 /* Release */,
			);
			defaultConfigurationIsVisible = 0;
			defaultConfigurationName = Release;
		};
		D4AF26B21F6B5F320061D188 /* Build configuration list for PBXNativeTarget "170915Tests" */ = {
			isa = XCConfigurationList;
			buildConfigurations = (
				D4AF26B31F6B5F320061D188 /* Debug */,
				D4AF26B41F6B5F320061D188 /* Release */,
			);
			defaultConfigurationIsVisible = 0;
			defaultConfigurationName = Release;
		};
		D4AF26B51F6B5F320061D188 /* Build configuration list for PBXNativeTarget "170915UITests" */ = {
			isa = XCConfigurationList;
			buildConfigurations = (
				D4AF26B61F6B5F320061D188 /* Debug */,
				D4AF26B71F6B5F320061D188 /* Release */,
			);
			defaultConfigurationIsVisible = 0;
			defaultConfigurationName = Release;
		};
/* End XCConfigurationList section */
	};
	rootObject = D4AF267F1F6B5F320061D188 /* Project object */;
}
