// !$*UTF8*$!
{
	archiveVersion = 1;
	classes = {
	};
	objectVersion = 46;
	objects = {

/* Begin PBXBuildFile section */
		D4AF268B1F6B5F320061D188 /* AppDelegate.swift in Sources */ = {isa = PBXBuildFile; fileRef = D4AF268A1F6B5F320061D188 /* AppDelegate.swift */; };
		D4AF268D1F6B5F320061D188 /* ViewController.swift in Sources */ = {isa = PBXBuildFile; fileRef = D4AF268C1F6B5F320061D188 /* ViewController.swift */; };
		D4AF26901F6B5F320061D188 /* Main.storyboard in Resources */ = {isa = PBXBuildFile; fileRef = D4AF268E1F6B5F320061D188 /* Main.storyboard */; };
		D4AF26921F6B5F320061D188 /* Assets.xcassets in Resources */ = {isa = PBXBuildFile; fileRef = D4AF26911F6B5F320061D188 /* Assets.xcassets */; };
		D4AF26951F6B5F320061D188 /* LaunchScreen.storyboard in Resources */ = {isa = PBXBuildFile; fileRef = D4AF26931F6B5F320061D188 /* LaunchScreen.storyboard */; };
		D4AF26A01F6B5F320061D188 /* _70915Tests.swift in Sources */ = {isa = PBXBuildFile; fileRef = D4AF269F1F6B5F320061D188 /* _70915Tests.swift */; };
		D4AF26AB1F6B5F320061D188 /* _70915UITests.swift in Sources */ = {isa = PBXBuildFile; fileRef = D4AF26AA1F6B5F320061D188 /* _70915UITests.swift */; };
/* End PBXBuildFile section */

/* Begin PBXContainerItemProxy section */
		D4AF269C1F6B5F320061D188 /* PBXContainerItemProxy */ = {
			isa = PBXContainerItemProxy;
			containerPortal = D4AF267F1F6B5F320061D188 /* Project object */;
			proxyType = 1;
			remoteGlobalIDString = D4AF26861F6B5F320061D188;
			remoteInfo = 170915;
		};
		D4AF26A71F6B5F320061D188 /* PBXContainerItemProxy */ = {
			isa = PBXContainerItemProxy;
			containerPortal = D4AF267F1F6B5F320061D188 /* Project object */;
			proxyType = 1;
			remoteGlobalIDString = D4AF26861F6B5F320061D188;
			remoteInfo = 170915;
		};
/* End PBXContainerItemProxy section */

/* Begin PBXFileReference section */
		D4AF26871F6B5F320061D188 /* 170915.app */ = {isa = PBXFileReference; explicitFileType = wrapper.application; includeInIndex = 0; path = 170915.app; sourceTree = BUILT_PRODUCTS_DIR; };
		D4AF268A1F6B5F320061D188 /* AppDelegate.swift */ = {isa = PBXFileReference; lastKnownFileType = sourcecode.swift; path = AppDelegate.swift; sourceTree = "<group>"; };
		D4AF268C1F6B5F320061D188 /* ViewController.swift */ = {isa = PBXFileReference; lastKnownFileType = sourcecode.swift; path = ViewController.swift; sourceTree = "<group>"; };
		D4AF268F1F6B5F320061D188 /* Base */ = {isa = PBXFileReference; lastKnownFileType = file.storyboard; name = Base; path = Base.lproj/Main.storyboard; sourceTree = "<group>"; };
		D4AF26911F6B5F320061D188 /* Assets.xcassets */ = {isa = PBXFileReference; lastKnownFileType = folder.assetcatalog; path = Assets.xcassets; sourceTree = "<group>"; };
		D4AF26941F6B5F320061D188 /* Base */ = {isa = PBXFileReference; lastKnownFileType = file.storyboard; name = Base; path = Base.lproj/LaunchScreen.storyboard; sourceTree = "<group>"; };
		D4AF26961F6B5F320061D188 /* Info.plist */ = {isa = PBXFileReference; lastKnownFileType = text.plist.xml; path = Info.plist; sourceTree = "<group>"; };
		D4AF269B1F6B5F320061D188 /* 170915Tests.xctest */ = {isa = PBXFileReference; explicitFileType = wrapper.cfbundle; includeInIndex = 0; path = 170915Tests.xctest; sourceTree = BUILT_PRODUCTS_DIR; };
		D4AF269F1F6B5F320061D188 /* _70915Tests.swift */ = {isa = PBXFileReference; lastKnownFileType = sourcecode.swift; path = _70915Tests.swift; sourceTree = "<group>"; };
		D4AF26A11F6B5F320061D188 /* Info.plist */ = {isa = PBXFileReference; lastKnownFileType = text.plist.xml; path = Info.plist; sourceTree = "<group>"; };
		D4AF26A61F6B5F320061D188 /* 170915UITests.xctest */ = {isa = PBXFileReference; explicitFileType = wrapper.cfbundle; includeInIndex = 0; path = 170915UITests.xctest; sourceTree = BUILT_PRODUCTS_DIR; };
		D4AF26AA1F6B5F320061D188 /* _70915UITests.swift */ = {isa = PBXFileReference; lastKnownFileType = sourcecode.swift; path = _70915UITests.swift; sourceTree = "<group>"; };
		D4AF26AC1F6B5F320061D188 /* Info.plist */ = {isa = PBXFileReference; lastKnownFileType = text.plist.xml; path = Info.plist; sourceTree = "<group>"; };
/* End PBXFileReference section */

/* Begin PBXFrameworksBuildPhase section */
		D4AF26841F6B5F320061D188 /* Frameworks */ = {
			isa = PBXFrameworksBuildPhase;
			buildActionMask = 2147483647;
			files = (
			);
			runOnlyForDeploymentPostprocessing = 0;
		};
		D4AF26981F6B5F320061D188 /* Frameworks */ = {
			isa = PBXFrameworksBuildPhase;
			buildActionMask = 2147483647;
			files = (
			);
			runOnlyForDeploymentPostprocessing = 0;
		};
		D4AF26A31F6B5F320061D188 /* Frameworks */ = {
			isa = PBXFrameworksBuildPhase;
			buildActionMask = 2147483647;
			files = (
			);
			runOnlyForDeploymentPostprocessing = 0;
		};
/* End PBXFrameworksBuildPhase section */

/* Begin PBXGroup section */
		D4AF267E1F6B5F320061D188 = {
			isa = PBXGroup;
			children = (
				D4AF26891F6B5F320061D188 /* 170915 */,
				D4AF269E1F6B5F320061D188 /* 170915Tests */,
				D4AF26A91F6B5F320061D188 /* 170915UITests */,
				D4AF26881F6B5F320061D188 /* Products */,
			);
			sourceTree = "<group>";
		};
		D4AF26881F6B5F320061D188 /* Products */ = {
			isa = PBXGroup;
			children = (
				D4AF26871F6B5F320061D188 /* 170915.app */,
				D4AF269B1F6B5F320061D188 /* 170915Tests.xctest */,
				D4AF26A61F6B5F320061D188 /* 170915UITests.xctest */,
			);
			name = Products;
			sourceTree = "<group>";
		};
		D4AF26891F6B5F320061D188 /* 170915 */ = {
			isa = PBXGroup;
			children = (
				D4AF268A1F6B5F320061D188 /* AppDelegate.swift */,
				D4AF268C1F6B5F320061D188 /* ViewController.swift */,
				D4AF268E1F6B5F320061D188 /* Main.storyboard */,
				D4AF26911F6B5F320061D188 /* Assets.xcassets */,
				D4AF26931F6B5F320061D188 /* LaunchScreen.storyboard */,
				D4AF26961F6B5F320061D188 /* Info.plist */,
			);
			path = 170915;
			sourceTree = "<group>";
		};
		D4AF269E1F6B5F320061D188 /* 170915Tests */ = {
			isa = PBXGroup;
			children = (
				D4AF269F1F6B5F320061D188 /* _70915Tests.swift */,
				D4AF26A11F6B5F320061D188 /* Info.plist */,
			);
			path = 170915Tests;
			sourceTree = "<group>";
		};
		D4AF26A91F6B5F320061D188 /* 170915UITests */ = {
			isa = PBXGroup;
			children = (
				D4AF26AA1F6B5F320061D188 /* _70915UITests.swift */,
				D4AF26AC1F6B5F320061D188 /* Info.plist */,
			);
			path = 170915UITests;
			sourceTree = "<group>";
		};
/* End PBXGroup section */

/* Begin PBXNativeTarget section */
		D4AF26861F6B5F320061D188 /* 170915 */ = {
			isa = PBXNativeTarget;
			buildConfigurationList = D4AF26AF1F6B5F320061D188 /* Build configuration list for PBXNativeTarget "170915" */;
			buildPhases = (
				D4AF26831F6B5F320061D188 /* Sources */,
				D4AF26841F6B5F320061D188 /* Frameworks */,
				D4AF26851F6B5F320061D188 /* Resources */,
			);
			buildRules = (
			);
			dependencies = (
			);
			name = 170915;
			productName = 170915;
			productReference = D4AF26871F6B5F320061D188 /* 170915.app */;
			productType = "com.apple.product-type.application";
		};
		D4AF269A1F6B5F320061D188 /* 170915Tests */ = {
			isa = PBXNativeTarget;
			buildConfigurationList = D4AF26B21F6B5F320061D188 /* Build configuration list for PBXNativeTarget "170915Tests" */;
			buildPhases = (
				D4AF26971F6B5F320061D188 /* Sources */,
				D4AF26981F6B5F320061D188 /* Frameworks */,
				D4AF26991F6B5F320061D188 /* Resources */,
			);
			buildRules = (
			);
			dependencies = (
				D4AF269D1F6B5F320061D188 /* PBXTargetDependency */,
			);
			name = 170915Tests;
			productName = 170915Tests;
			productReference = D4AF269B1F6B5F320061D188 /* 170915Tests.xctest */;
			productType = "com.apple.product-type.bundle.unit-test";
		};
		D4AF26A51F6B5F320061D188 /* 170915UITests */ = {
			isa = PBXNativeTarget;
			buildConfigurationList = D4AF26B51F6B5F320061D188 /* Build configuration list for PBXNativeTarget "170915UITests" */;
			buildPhases = (
				D4AF26A21F6B5F320061D188 /* Sources */,
				D4AF26A31F6B5F320061D188 /* Frameworks */,
				D4AF26A41F6B5F320061D188 /* Resources */,
			);
			buildRules = (
			);
			dependencies = (
				D4AF26A81F6B5F320061D188 /* PBXTargetDependency */,
			);
			name = 170915UITests;
			productName = 170915UITests;
			productReference = D4AF26A61F6B5F320061D188 /* 170915UITests.xctest */;
			productType = "com.apple.product-type.bundle.ui-testing";
		};
/* End PBXNativeTarget section */

/* Begin PBXProject section */
		D4AF267F1F6B5F320061D188 /* Project object */ = {
			isa = PBXProject;
			attributes = {
				LastSwiftUpdateCheck = 0830;
				LastUpgradeCheck = 0830;
				ORGANIZATIONNAME = "上海途宝网络科技";
				TargetAttributes = {
					D4AF26861F6B5F320061D188 = {
						CreatedOnToolsVersion = 8.3.3;
						ProvisioningStyle = Automatic;
					};
					D4AF269A1F6B5F320061D188 = {
						CreatedOnToolsVersion = 8.3.3;
						ProvisioningStyle = Automatic;
						TestTargetID = D4AF26861F6B5F320061D188;
					};
					D4AF26A51F6B5F320061D188 = {
						CreatedOnToolsVersion = 8.3.3;
						ProvisioningStyle = Automatic;
						TestTargetID = D4AF26861F6B5F320061D188;
					};
				};
			};
			buildConfigurationList = D4AF26821F6B5F320061D188 /* Build configuration list for PBXProject "170915" */;
			compatibilityVersion = "Xcode 3.2";
			developmentRegion = English;
			hasScannedForEncodings = 0;
			knownRegions = (
				en,
				Base,
			);
			mainGroup = D4AF267E1F6B5F320061D188;
			productRefGroup = D4AF26881F6B5F320061D188 /* Products */;
			projectDirPath = "";
			projectRoot = "";
			targets = (
				D4AF26861F6B5F320061D188 /* 170915 */,
				D4AF269A1F6B5F320061D188 /* 170915Tests */,
				D4AF26A51F6B5F320061D188 /* 170915UITests */,
			);
		};
/* End PBXProject section */

/* Begin PBXResourcesBuildPhase section */
		D4AF26851F6B5F320061D188 /* Resources */ = {
			isa = PBXResourcesBuildPhase;
			buildActionMask = 2147483647;
			files = (
				D4AF26951F6B5F320061D188 /* LaunchScreen.storyboard in Resources */,
				D4AF26921F6B5F320061D188 /* Assets.xcassets in Resources */,
				D4AF26901F6B5F320061D188 /* Main.storyboard in Resources */,
			);
			runOnlyForDeploymentPostprocessing = 0;
		};
		D4AF26991F6B5F320061D188 /* Resources */ = {
			isa = PBXResourcesBuildPhase;
			buildActionMask = 2147483647;
			files = (
			);
			runOnlyForDeploymentPostprocessing = 0;
		};
		D4AF26A41F6B5F320061D188 /* Resources */ = {
			isa = PBXResourcesBuildPhase;
			buildActionMask = 2147483647;
			files = (
			);
			runOnlyForDeploymentPostprocessing = 0;
		};
/* End PBXResourcesBuildPhase section */

/* Begin PBXSourcesBuildPhase section */
		D4AF26831F6B5F320061D188 /* Sources */ = {
			isa = PBXSourcesBuildPhase;
			buildActionMask = 2147483647;
			files = (
				D4AF268D1F6B5F320061D188 /* ViewController.swift in Sources */,
				D4AF268B1F6B5F320061D188 /* AppDelegate.swift in Sources */,
			);
			runOnlyForDeploymentPostprocessing = 0;
		};
		D4AF26971F6B5F320061D188 /* Sources */ = {
			isa = PBXSourcesBuildPhase;
			buildActionMask = 2147483647;
			files = (
				D4AF26A01F6B5F320061D188 /* _70915Tests.swift in Sources */,
			);
			runOnlyForDeploymentPostprocessing = 0;
		};
		D4AF26A21F6B5F320061D188 /* Sources */ = {
			isa = PBXSourcesBuildPhase;
			buildActionMask = 2147483647;
			files = (
				D4AF26AB1F6B5F320061D188 /* _70915UITests.swift in Sources */,
			);
			runOnlyForDeploymentPostprocessing = 0;
		};
/* End PBXSourcesBuildPhase section */

/* Begin PBXTargetDependency section */
		D4AF269D1F6B5F320061D188 /* PBXTargetDependency */ = {
			isa = PBXTargetDependency;
			target = D4AF26861F6B5F320061D188 /* 170915 */;
			targetProxy = D4AF269C1F6B5F320061D188 /* PBXContainerItemProxy */;
		};
		D4AF26A81F6B5F320061D188 /* PBXTargetDependency */ = {
			isa = PBXTargetDependency;
			target = D4AF26861F6B5F320061D188 /* 170915 */;
			targetProxy = D4AF26A71F6B5F320061D188 /* PBXContainerItemProxy */;
		};
/* End PBXTargetDependency section */

/* Begin PBXVariantGroup section */
		D4AF268E1F6B5F320061D188 /* Main.storyboard */ = {
			isa = PBXVariantGroup;
			children = (
				D4AF268F1F6B5F320061D188 /* Base */,
			);
			name = Main.storyboard;
			sourceTree = "<group>";
		};
		D4AF26931F6B5F320061D188 /* LaunchScreen.storyboard */ = {
			isa = PBXVariantGroup;
			children = (
				D4AF26941F6B5F320061D188 /* Base */,
			);
			name = LaunchScreen.storyboard;
			sourceTree = "<group>";
		};
/* End PBXVariantGroup section */

/* Begin XCBuildConfiguration section */
		D4AF26AD1F6B5F320061D188 /* Debug */ = {
			isa = XCBuildConfiguration;
			buildSettings = {
				ALWAYS_SEARCH_USER_PATHS = NO;
				CLANG_ANALYZER_NONNULL = YES;
				CLANG_ANALYZER_NUMBER_OBJECT_CONVERSION = YES_AGGRESSIVE;
				CLANG_CXX_LANGUAGE_STANDARD = "gnu++0x";
				CLANG_CXX_LIBRARY = "libc++";
				CLANG_ENABLE_MODULES = YES;
				CLANG_ENABLE_OBJC_ARC = YES;
				CLANG_WARN_BOOL_CONVERSION = YES;
				CLANG_WARN_CONSTANT_CONVERSION = YES;
				CLANG_WARN_DIRECT_OBJC_ISA_USAGE = YES_ERROR;
				CLANG_WARN_DOCUMENTATION_COMMENTS = YES;
				CLANG_WARN_EMPTY_BODY = YES;
				CLANG_WARN_ENUM_CONVERSION = YES;
				CLANG_WARN_INFINITE_RECURSION = YES;
				CLANG_WARN_INT_CONVERSION = YES;
				CLANG_WARN_OBJC_ROOT_CLASS = YES_ERROR;
				CLANG_WARN_SUSPICIOUS_MOVE = YES;
				CLANG_WARN_UNREACHABLE_CODE = YES;
				CLANG_WARN__DUPLICATE_METHOD_MATCH = YES;
				"CODE_SIGN_IDENTITY[sdk=iphoneos*]" = "iPhone Developer";
				COPY_PHASE_STRIP = NO;
				DEBUG_INFORMATION_FORMAT = dwarf;
				ENABLE_STRICT_OBJC_MSGSEND = YES;
				ENABLE_TESTABILITY = YES;
				GCC_C_LANGUAGE_STANDARD = gnu99;
				GCC_DYNAMIC_NO_PIC = NO;
				GCC_NO_COMMON_BLOCKS = YES;
				GCC_OPTIMIZATION_LEVEL = 0;
				GCC_PREPROCESSOR_DEFINITIONS = (
					"DEBUG=1",
					"$(inherited)",
				);
				GCC_WARN_64_TO_32_BIT_CONVERSION = YES;
				GCC_WARN_ABOUT_RETURN_TYPE = YES_ERROR;
				GCC_WARN_UNDECLARED_SELECTOR = YES;
				GCC_WARN_UNINITIALIZED_AUTOS = YES_AGGRESSIVE;
				GCC_WARN_UNUSED_FUNCTION = YES;
				GCC_WARN_UNUSED_VARIABLE = YES;
				IPHONEOS_DEPLOYMENT_TARGET = 10.3;
				MTL_ENABLE_DEBUG_INFO = YES;
				ONLY_ACTIVE_ARCH = YES;
				SDKROOT = iphoneos;
				SWIFT_ACTIVE_COMPILATION_CONDITIONS = DEBUG;
				SWIFT_OPTIMIZATION_LEVEL = "-Onone";
				TARGETED_DEVICE_FAMILY = "1,2";
			};
			name = Debug;
		};
		D4AF26AE1F6B5F320061D188 /* Release */ = {
			isa = XCBuildConfiguration;
			buildSettings = {
				ALWAYS_SEARCH_USER_PATHS = NO;
				CLANG_ANALYZER_NONNULL = YES;
				CLANG_ANALYZER_NUMBER_OBJECT_CONVERSION = YES_AGGRESSIVE;
				CLANG_CXX_LANGUAGE_STANDARD = "gnu++0x";
				CLANG_CXX_LIBRARY = "libc++";
				CLANG_ENABLE_MODULES = YES;
				CLANG_ENABLE_OBJC_ARC = YES;
				CLANG_WARN_BOOL_CONVERSION = YES;
				CLANG_WARN_CONSTANT_CONVERSION = YES;
				CLANG_WARN_DIRECT_OBJC_ISA_USAGE = YES_ERROR;
				CLANG_WARN_DOCUMENTATION_COMMENTS = YES;
				CLANG_WARN_EMPTY_BODY = YES;
				CLANG_WARN_ENUM_CONVERSION = YES;
				CLANG_WARN_INFINITE_RECURSION = YES;
				CLANG_WARN_INT_CONVERSION = YES;
				CLANG_WARN_OBJC_ROOT_CLASS = YES_ERROR;
				CLANG_WARN_SUSPICIOUS_MOVE = YES;
				CLANG_WARN_UNREACHABLE_CODE = YES;
				CLANG_WARN__DUPLICATE_METHOD_MATCH = YES;
				"CODE_SIGN_IDENTITY[sdk=iphoneos*]" = "iPhone Developer";
				COPY_PHASE_STRIP = NO;
				DEBUG_INFORMATION_FORMAT = "dwarf-with-dsym";
				ENABLE_NS_ASSERTIONS = NO;
				ENABLE_STRICT_OBJC_MSGSEND = YES;
				GCC_C_LANGUAGE_STANDARD = gnu99;
				GCC_NO_COMMON_BLOCKS = YES;
				GCC_WARN_64_TO_32_BIT_CONVERSION = YES;
				GCC_WARN_ABOUT_RETURN_TYPE = YES_ERROR;
				GCC_WARN_UNDECLARED_SELECTOR = YES;
				GCC_WARN_UNINITIALIZED_AUTOS = YES_AGGRESSIVE;
				GCC_WARN_UNUSED_FUNCTION = YES;
				GCC_WARN_UNUSED_VARIABLE = YES;
				IPHONEOS_DEPLOYMENT_TARGET = 10.3;
				MTL_ENABLE_DEBUG_INFO = NO;
				SDKROOT = iphoneos;
				SWIFT_OPTIMIZATION_LEVEL = "-Owholemodule";
				TARGETED_DEVICE_FAMILY = "1,2";
				VALIDATE_PRODUCT = YES;
			};
			name = Release;
		};
		D4AF26B01F6B5F320061D188 /* Debug */ = {
			isa = XCBuildConfiguration;
			buildSettings = {
				ASSETCATALOG_COMPILER_APPICON_NAME = AppIcon;
				INFOPLIST_FILE = 170915/Info.plist;
				LD_RUNPATH_SEARCH_PATHS = "$(inherited) @executable_path/Frameworks";
				PRODUCT_BUNDLE_IDENTIFIER = "Shanghai-TuorbagNetwork-Technology-Co.-Ltd.-70915";
				PRODUCT_NAME = "$(TARGET_NAME)";
				SWIFT_VERSION = 3.0;
			};
			name = Debug;
		};
		D4AF26B11F6B5F320061D188 /* Release */ = {
			isa = XCBuildConfiguration;
			buildSettings = {
				ASSETCATALOG_COMPILER_APPICON_NAME = AppIcon;
				INFOPLIST_FILE = 170915/Info.plist;
				LD_RUNPATH_SEARCH_PATHS = "$(inherited) @executable_path/Frameworks";
				PRODUCT_BUNDLE_IDENTIFIER = "Shanghai-TuorbagNetwork-Technology-Co.-Ltd.-70915";
				PRODUCT_NAME = "$(TARGET_NAME)";
				SWIFT_VERSION = 3.0;
			};
			name = Release;
		};
		D4AF26B31F6B5F320061D188 /* Debug */ = {
			isa = XCBuildConfiguration;
			buildSettings = {
				ALWAYS_EMBED_SWIFT_STANDARD_LIBRARIES = YES;
				BUNDLE_LOADER = "$(TEST_HOST)";
				INFOPLIST_FILE = 170915Tests/Info.plist;
				LD_RUNPATH_SEARCH_PATHS = "$(inherited) @executable_path/Frameworks @loader_path/Frameworks";
				PRODUCT_BUNDLE_IDENTIFIER = "Shanghai-TuorbagNetwork-Technology-Co.-Ltd.-70915Tests";
				PRODUCT_NAME = "$(TARGET_NAME)";
				SWIFT_VERSION = 3.0;
				TEST_HOST = "$(BUILT_PRODUCTS_DIR)/170915.app/170915";
			};
			name = Debug;
		};
		D4AF26B41F6B5F320061D188 /* Release */ = {
			isa = XCBuildConfiguration;
			buildSettings = {
				ALWAYS_EMBED_SWIFT_STANDARD_LIBRARIES = YES;
				BUNDLE_LOADER = "$(TEST_HOST)";
				INFOPLIST_FILE = 170915Tests/Info.plist;
				LD_RUNPATH_SEARCH_PATHS = "$(inherited) @executable_path/Frameworks @loader_path/Frameworks";
				PRODUCT_BUNDLE_IDENTIFIER = "Shanghai-TuorbagNetwork-Technology-Co.-Ltd.-70915Tests";
				PRODUCT_NAME = "$(TARGET_NAME)";
				SWIFT_VERSION = 3.0;
				TEST_HOST = "$(BUILT_PRODUCTS_DIR)/170915.app/170915";
			};
			name = Release;
		};
		D4AF26B61F6B5F320061D188 /* Debug */ = {
			isa = XCBuildConfiguration;
			buildSettings = {
				ALWAYS_EMBED_SWIFT_STANDARD_LIBRARIES = YES;
				INFOPLIST_FILE = 170915UITests/Info.plist;
				LD_RUNPATH_SEARCH_PATHS = "$(inherited) @executable_path/Frameworks @loader_path/Frameworks";
				PRODUCT_BUNDLE_IDENTIFIER = "Shanghai-TuorbagNetwork-Technology-Co.-Ltd.-70915UITests";
				PRODUCT_NAME = "$(TARGET_NAME)";
				SWIFT_VERSION = 3.0;
				TEST_TARGET_NAME = 170915;
			};
			name = Debug;
		};
		D4AF26B71F6B5F320061D188 /* Release */ = {
			isa = XCBuildConfiguration;
			buildSettings = {
				ALWAYS_EMBED_SWIFT_STANDARD_LIBRARIES = YES;
				INFOPLIST_FILE = 170915UITests/Info.plist;
				LD_RUNPATH_SEARCH_PATHS = "$(inherited) @executable_path/Frameworks @loader_path/Frameworks";
				PRODUCT_BUNDLE_IDENTIFIER = "Shanghai-TuorbagNetwork-Technology-Co.-Ltd.-70915UITests";
				PRODUCT_NAME = "$(TARGET_NAME)";
				SWIFT_VERSION = 3.0;
				TEST_TARGET_NAME = 170915;
			};
			name = Release;
		};
/* End XCBuildConfiguration section */

/* Begin XCConfigurationList section */
		D4AF26821F6B5F320061D188 /* Build configuration list for PBXProject "170915" */ = {
			isa = XCConfigurationList;
			buildConfigurations = (
				D4AF26AD1F6B5F320061D188 /* Debug */,
				D4AF26AE1F6B5F320061D188 /* Release */,
			);
			defaultConfigurationIsVisible = 0;
			defaultConfigurationName = Release;
		};
		D4AF26AF1F6B5F320061D188 /* Build configuration list for PBXNativeTarget "170915" */ = {
			isa = XCConfigurationList;
			buildConfigurations = (
				D4AF26B01F6B5F320061D188 /* Debug */,
				D4AF26B11F6B5F320061D188 /* Release */,
			);
			defaultConfigurationIsVisible = 0;
		};
		D4AF26B21F6B5F320061D188 /* Build configuration list for PBXNativeTarget "170915Tests" */ = {
			isa = XCConfigurationList;
			buildConfigurations = (
				D4AF26B31F6B5F320061D188 /* Debug */,
				D4AF26B41F6B5F320061D188 /* Release */,
			);
			defaultConfigurationIsVisible = 0;
		};
		D4AF26B51F6B5F320061D188 /* Build configuration list for PBXNativeTarget "170915UITests" */ = {
			isa = XCConfigurationList;
			buildConfigurations = (
				D4AF26B61F6B5F320061D188 /* Debug */,
				D4AF26B71F6B5F320061D188 /* Release */,
			);
			defaultConfigurationIsVisible = 0;
		};
/* End XCConfigurationList section */
	};
	rootObject = D4AF267F1F6B5F320061D188 /* Project object */;
}
